<?xml version="1.0" encoding="utf-8"?>
<Project ToolsVersion="4.0" xmlns="http://schemas.microsoft.com/developer/msbuild/2003">
  <ItemGroup>
    <Filter Include="Prismarine">
      <UniqueIdentifier>{DF0C2DD9-CBC4-6E26-34CC-478220A30917}</UniqueIdentifier>
    </Filter>
    <Filter Include="Prismarine\Events">
      <UniqueIdentifier>{E3A755D3-4FBE-5369-9835-DF8A048B24F1}</UniqueIdentifier>
    </Filter>
  </ItemGroup>
  <ItemGroup>
    <ClInclude Include="src\Prismarine.h" />
    <ClInclude Include="src\Prismarine\Application.h">
      <Filter>Prismarine</Filter>
    </ClInclude>
    <ClInclude Include="src\Prismarine\Core.h">
      <Filter>Prismarine</Filter>
    </ClInclude>
    <ClInclude Include="src\Prismarine\EntryPoint.h">
      <Filter>Prismarine</Filter>
    </ClInclude>
    <ClInclude Include="src\Prismarine\Events\ApplicationEvent.h">
      <Filter>Prismarine\Events</Filter>
    </ClInclude>
    <ClInclude Include="src\Prismarine\Events\Event.h">
      <Filter>Prismarine\Events</Filter>
    </ClInclude>
    <ClInclude Include="src\Prismarine\Events\KeyEvent.h">
      <Filter>Prismarine\Events</Filter>
    </ClInclude>
    <ClInclude Include="src\Prismarine\Events\MouseEvent.h">
      <Filter>Prismarine\Events</Filter>
    </ClInclude>
    <ClInclude Include="src\Prismarine\Log.h">
      <Filter>Prismarine</Filter>
    </ClInclude>
    <ClInclude Include="src\pmpch.h" />
    <ClInclude Include="src\Prismarine\Window.h" />
    <ClInclude Include="src\Platform\Windows\WindowsWindow.h" />
    <ClInclude Include="src\Prismarine\LayerStack.h" />
    <ClInclude Include="src\Prismarine\Layer.h" />
  </ItemGroup>
  <ItemGroup>
    <ClCompile Include="src\Prismarine\Application.cpp">
      <Filter>Prismarine</Filter>
    </ClCompile>
    <ClCompile Include="src\Prismarine\Log.cpp">
      <Filter>Prismarine</Filter>
    </ClCompile>
    <ClCompile Include="src\pmpch.cpp" />
    <ClCompile Include="src\Platform\Windows\WindowsWindow.cpp" />
    <ClCompile Include="src\Prismarine\LayerStack.cpp" />
    <ClCompile Include="src\Prismarine\Layer.cpp" />
  </ItemGroup>
</Project>